
Microsoft Visual Studio Solution File, Format Version 12.00
# Visual Studio 2013
VisualStudioVersion = 12.0.31101.0
MinimumVisualStudioVersion = 10.0.40219.1
Project("{2150E333-8FDC-42A3-9474-1A3956D46DE8}") = "Solution Items", "Solution Items", "{2AF55F73-4FE0-46B1-B5C4-534F028A90C1}"
	ProjectSection(SolutionItems) = preProject
		..\appveyor.yml = ..\appveyor.yml
		..\build.proj = ..\build.proj
		..\build\build.targets = ..\build\build.targets
	EndProjectSection
EndProject
Project("{FAE04EC0-301F-11D3-BF4B-00C04F79EFBC}") = "Xamarin.Windows.Bits", "Xamarin.Windows.Bits\Xamarin.Windows.Bits.csproj", "{6C281D3D-1465-4462-9FF4-B3D52C87FA13}"
EndProject
Project("{FAE04EC0-301F-11D3-BF4B-00C04F79EFBC}") = "Xamarin.Windows.Bits.Tests", "Xamarin.Windows.Bits.Tests\Xamarin.Windows.Bits.Tests.csproj", "{3AA0FB13-2718-45E2-A2B1-F159218B4B33}"
EndProject
Global
	GlobalSection(SolutionConfigurationPlatforms) = preSolution
		Debug|Any CPU = Debug|Any CPU
		Release|Any CPU = Release|Any CPU
	EndGlobalSection
	GlobalSection(ProjectConfigurationPlatforms) = postSolution
		{6C281D3D-1465-4462-9FF4-B3D52C87FA13}.Debug|Any CPU.ActiveCfg = Debug|Any CPU
		{6C281D3D-1465-4462-9FF4-B3D52C87FA13}.Debug|Any CPU.Build.0 = Debug|Any CPU
		{6C281D3D-1465-4462-9FF4-B3D52C87FA13}.Release|Any CPU.ActiveCfg = Release|Any CPU
		{6C281D3D-1465-4462-9FF4-B3D52C87FA13}.Release|Any CPU.Build.0 = Release|Any CPU
		{3AA0FB13-2718-45E2-A2B1-F159218B4B33}.Debug|Any CPU.ActiveCfg = Debug|Any CPU
		{3AA0FB13-2718-45E2-A2B1-F159218B4B33}.Debug|Any CPU.Build.0 = Debug|Any CPU
		{3AA0FB13-2718-45E2-A2B1-F159218B4B33}.Release|Any CPU.ActiveCfg = Release|Any CPU
		{3AA0FB13-2718-45E2-A2B1-F159218B4B33}.Release|Any CPU.Build.0 = Release|Any CPU
	EndGlobalSection
	GlobalSection(SolutionProperties) = preSolution
		HideSolutionNode = FALSE
	EndGlobalSection
EndGlobal
